
Microsoft Visual Studio Solution File, Format Version 12.00
# Visual Studio Version 17
VisualStudioVersion = 17.5.002.0
MinimumVisualStudioVersion = 10.0.40219.1
Project("{9A19103F-16F7-4668-BE54-9A1E7A4F7556}") = "dc-net", "dc-net.csproj", "{F4D67228-E9FC-49A9-A38A-6E0454B5B281}"
EndProject
Global
	GlobalSection(SolutionConfigurationPlatforms) = preSolution
		Debug|Any CPU = Debug|Any CPU
		Release|Any CPU = Release|Any CPU
	EndGlobalSection
	GlobalSection(ProjectConfigurationPlatforms) = postSolution
		{F4D67228-E9FC-49A9-A38A-6E0454B5B281}.Debug|Any CPU.ActiveCfg = Debug|Any CPU
		{F4D67228-E9FC-49A9-A38A-6E0454B5B281}.Debug|Any CPU.Build.0 = Debug|Any CPU
		{F4D67228-E9FC-49A9-A38A-6E0454B5B281}.Release|Any CPU.ActiveCfg = Release|Any CPU
		{F4D67228-E9FC-49A9-A38A-6E0454B5B281}.Release|Any CPU.Build.0 = Release|Any CPU
	EndGlobalSection
	GlobalSection(SolutionProperties) = preSolution
		HideSolutionNode = FALSE
	EndGlobalSection
	GlobalSection(ExtensibilityGlobals) = postSolution
		SolutionGuid = {62623782-02BB-4C50-BE6F-46A9F84F90CB}
	EndGlobalSection
EndGlobal
